
Microsoft Visual Studio Solution File, Format Version 12.00
# Visual Studio Version 16
VisualStudioVersion = 16.0.30804.86
MinimumVisualStudioVersion = 10.0.40219.1
Project("{FAE04EC0-301F-11D3-BF4B-00C04F79EFBC}") = "DatabaseWPF", "DatabaseWPF\DatabaseWPF.csproj", "{8D2A0E99-A7E4-4D3E-B264-6CCA6C9FA48C}"
EndProject
Global
	GlobalSection(SolutionConfigurationPlatforms) = preSolution
		Debug|Any CPU = Debug|Any CPU
		Release|Any CPU = Release|Any CPU
	EndGlobalSection
	GlobalSection(ProjectConfigurationPlatforms) = postSolution
		{8D2A0E99-A7E4-4D3E-B264-6CCA6C9FA48C}.Debug|Any CPU.ActiveCfg = Debug|Any CPU
		{8D2A0E99-A7E4-4D3E-B264-6CCA6C9FA48C}.Debug|Any CPU.Build.0 = Debug|Any CPU
		{8D2A0E99-A7E4-4D3E-B264-6CCA6C9FA48C}.Release|Any CPU.ActiveCfg = Release|Any CPU
		{8D2A0E99-A7E4-4D3E-B264-6CCA6C9FA48C}.Release|Any CPU.Build.0 = Release|Any CPU
	EndGlobalSection
	GlobalSection(SolutionProperties) = preSolution
		HideSolutionNode = FALSE
	EndGlobalSection
	GlobalSection(ExtensibilityGlobals) = postSolution
		SolutionGuid = {AC8C9C5C-071C-466B-9A2C-02C16833884C}
	EndGlobalSection
EndGlobal
